dependencies:
- name: postgresql
  repository: https://charts.bitnami.com/bitnami/
  version: 12.1.6
- name: prometheus
  repository: https://prometheus-community.github.io/helm-charts
  version: 15.0.4
digest: sha256:c84dab0b081f6346b9cd66b8efad2e2645f359b4b271e4da8c4ebdb25a0e4e6d
generated: "2022-12-22T13:46:12.7290758-07:00"
